// !$*UTF8*$!
{
	archiveVersion = 1;
	classes = {
	};
	objectVersion = 56;
	objects = {

/* Begin PBXBuildFile section */
		146D95EA2A11C5C100A05CF2 /* ALPSEApp.swift in Sources */ = {isa = PBXBuildFile; fileRef = 146D95E92A11C5C100A05CF2 /* ALPSEApp.swift */; };
		146D95EC2A11C5C100A05CF2 /* ContentView.swift in Sources */ = {isa = PBXBuildFile; fileRef = 146D95EB2A11C5C100A05CF2 /* ContentView.swift */; };
		146D95EE2A11C5C300A05CF2 /* Assets.xcassets in Resources */ = {isa = PBXBuildFile; fileRef = 146D95ED2A11C5C300A05CF2 /* Assets.xcassets */; };
		146D95F12A11C5C300A05CF2 /* Preview Assets.xcassets in Resources */ = {isa = PBXBuildFile; fileRef = 146D95F02A11C5C300A05CF2 /* Preview Assets.xcassets */; };
		146D95F82A11C5E900A05CF2 /* ManageBudget.swift in Sources */ = {isa = PBXBuildFile; fileRef = 146D95F72A11C5E900A05CF2 /* ManageBudget.swift */; };
		146D95FA2A11C65F00A05CF2 /* ManageBudgetView.swift in Sources */ = {isa = PBXBuildFile; fileRef = 146D95F92A11C65F00A05CF2 /* ManageBudgetView.swift */; };
		1484E6CD2A12346B00228174 /* ManageExpense.swift in Sources */ = {isa = PBXBuildFile; fileRef = 1484E6CC2A12346B00228174 /* ManageExpense.swift */; };
/* End PBXBuildFile section */

/* Begin PBXFileReference section */
		146D95E62A11C5C100A05CF2 /* ALPSE.app */ = {isa = PBXFileReference; explicitFileType = wrapper.application; includeInIndex = 0; path = ALPSE.app; sourceTree = BUILT_PRODUCTS_DIR; };
		146D95E92A11C5C100A05CF2 /* ALPSEApp.swift */ = {isa = PBXFileReference; lastKnownFileType = sourcecode.swift; path = ALPSEApp.swift; sourceTree = "<group>"; };
		146D95EB2A11C5C100A05CF2 /* ContentView.swift */ = {isa = PBXFileReference; lastKnownFileType = sourcecode.swift; path = ContentView.swift; sourceTree = "<group>"; };
		146D95ED2A11C5C300A05CF2 /* Assets.xcassets */ = {isa = PBXFileReference; lastKnownFileType = folder.assetcatalog; path = Assets.xcassets; sourceTree = "<group>"; };
		146D95F02A11C5C300A05CF2 /* Preview Assets.xcassets */ = {isa = PBXFileReference; lastKnownFileType = folder.assetcatalog; path = "Preview Assets.xcassets"; sourceTree = "<group>"; };
		146D95F72A11C5E900A05CF2 /* ManageBudget.swift */ = {isa = PBXFileReference; lastKnownFileType = sourcecode.swift; path = ManageBudget.swift; sourceTree = "<group>"; };
		146D95F92A11C65F00A05CF2 /* ManageBudgetView.swift */ = {isa = PBXFileReference; lastKnownFileType = sourcecode.swift; path = ManageBudgetView.swift; sourceTree = "<group>"; };
		1484E6CC2A12346B00228174 /* ManageExpense.swift */ = {isa = PBXFileReference; lastKnownFileType = sourcecode.swift; path = ManageExpense.swift; sourceTree = "<group>"; };
/* End PBXFileReference section */

/* Begin PBXFrameworksBuildPhase section */
		146D95E32A11C5C100A05CF2 /* Frameworks */ = {
			isa = PBXFrameworksBuildPhase;
			buildActionMask = 2147483647;
			files = (
			);
			runOnlyForDeploymentPostprocessing = 0;
		};
/* End PBXFrameworksBuildPhase section */

/* Begin PBXGroup section */
		146D95DD2A11C5C100A05CF2 = {
			isa = PBXGroup;
			children = (
				146D95E82A11C5C100A05CF2 /* ALPSE */,
				146D95E72A11C5C100A05CF2 /* Products */,
			);
			sourceTree = "<group>";
		};
		146D95E72A11C5C100A05CF2 /* Products */ = {
			isa = PBXGroup;
			children = (
				146D95E62A11C5C100A05CF2 /* ALPSE.app */,
			);
			name = Products;
			sourceTree = "<group>";
		};
		146D95E82A11C5C100A05CF2 /* ALPSE */ = {
			isa = PBXGroup;
			children = (
				146D95E92A11C5C100A05CF2 /* ALPSEApp.swift */,
				1484E6CC2A12346B00228174 /* ManageExpense.swift */,
				146D95EB2A11C5C100A05CF2 /* ContentView.swift */,
				146D95F72A11C5E900A05CF2 /* ManageBudget.swift */,
				146D95F92A11C65F00A05CF2 /* ManageBudgetView.swift */,
				146D95ED2A11C5C300A05CF2 /* Assets.xcassets */,
				146D95EF2A11C5C300A05CF2 /* Preview Content */,
			);
			path = ALPSE;
			sourceTree = "<group>";
		};
		146D95EF2A11C5C300A05CF2 /* Preview Content */ = {
			isa = PBXGroup;
			children = (
				146D95F02A11C5C300A05CF2 /* Preview Assets.xcassets */,
			);
			path = "Preview Content";
			sourceTree = "<group>";
		};
/* End PBXGroup section */

/* Begin PBXNativeTarget section */
		146D95E52A11C5C100A05CF2 /* ALPSE */ = {
			isa = PBXNativeTarget;
			buildConfigurationList = 146D95F42A11C5C300A05CF2 /* Build configuration list for PBXNativeTarget "ALPSE" */;
			buildPhases = (
				146D95E22A11C5C100A05CF2 /* Sources */,
				146D95E32A11C5C100A05CF2 /* Frameworks */,
				146D95E42A11C5C100A05CF2 /* Resources */,
			);
			buildRules = (
			);
			dependencies = (
			);
			name = ALPSE;
			productName = ALPSE;
			productReference = 146D95E62A11C5C100A05CF2 /* ALPSE.app */;
			productType = "com.apple.product-type.application";
		};
/* End PBXNativeTarget section */

/* Begin PBXProject section */
		146D95DE2A11C5C100A05CF2 /* Project object */ = {
			isa = PBXProject;
			attributes = {
				BuildIndependentTargetsInParallel = 1;
				LastSwiftUpdateCheck = 1420;
				LastUpgradeCheck = 1420;
				TargetAttributes = {
					146D95E52A11C5C100A05CF2 = {
						CreatedOnToolsVersion = 14.2;
					};
				};
			};
			buildConfigurationList = 146D95E12A11C5C100A05CF2 /* Build configuration list for PBXProject "ALPSE" */;
			compatibilityVersion = "Xcode 14.0";
			developmentRegion = en;
			hasScannedForEncodings = 0;
			knownRegions = (
				en,
				Base,
			);
			mainGroup = 146D95DD2A11C5C100A05CF2;
			productRefGroup = 146D95E72A11C5C100A05CF2 /* Products */;
			projectDirPath = "";
			projectRoot = "";
			targets = (
				146D95E52A11C5C100A05CF2 /* ALPSE */,
			);
		};
/* End PBXProject section */

/* Begin PBXResourcesBuildPhase section */
		146D95E42A11C5C100A05CF2 /* Resources */ = {
			isa = PBXResourcesBuildPhase;
			buildActionMask = 2147483647;
			files = (
				146D95F12A11C5C300A05CF2 /* Preview Assets.xcassets in Resources */,
				146D95EE2A11C5C300A05CF2 /* Assets.xcassets in Resources */,
			);
			runOnlyForDeploymentPostprocessing = 0;
		};
/* End PBXResourcesBuildPhase section */

/* Begin PBXSourcesBuildPhase section */
		146D95E22A11C5C100A05CF2 /* Sources */ = {
			isa = PBXSourcesBuildPhase;
			buildActionMask = 2147483647;
			files = (
				1484E6CD2A12346B00228174 /* ManageExpense.swift in Sources */,
				146D95FA2A11C65F00A05CF2 /* ManageBudgetView.swift in Sources */,
				146D95F82A11C5E900A05CF2 /* ManageBudget.swift in Sources */,
				146D95EC2A11C5C100A05CF2 /* ContentView.swift in Sources */,
				146D95EA2A11C5C100A05CF2 /* ALPSEApp.swift in Sources */,
			);
			runOnlyForDeploymentPostprocessing = 0;
		};
/* End PBXSourcesBuildPhase section */

/* Begin XCBuildConfiguration section */
		146D95F22A11C5C300A05CF2 /* Debug */ = {
			isa = XCBuildConfiguration;
			buildSettings = {
				ALWAYS_SEARCH_USER_PATHS = NO;
				CLANG_ANALYZER_NONNULL = YES;
				CLANG_ANALYZER_NUMBER_OBJECT_CONVERSION = YES_AGGRESSIVE;
				CLANG_CXX_LANGUAGE_STANDARD = "gnu++20";
				CLANG_ENABLE_MODULES = YES;
				CLANG_ENABLE_OBJC_ARC = YES;
				CLANG_ENABLE_OBJC_WEAK = YES;
				CLANG_WARN_BLOCK_CAPTURE_AUTORELEASING = YES;
				CLANG_WARN_BOOL_CONVERSION = YES;
				CLANG_WARN_COMMA = YES;
				CLANG_WARN_CONSTANT_CONVERSION = YES;
				CLANG_WARN_DEPRECATED_OBJC_IMPLEMENTATIONS = YES;
				CLANG_WARN_DIRECT_OBJC_ISA_USAGE = YES_ERROR;
				CLANG_WARN_DOCUMENTATION_COMMENTS = YES;
				CLANG_WARN_EMPTY_BODY = YES;
				CLANG_WARN_ENUM_CONVERSION = YES;
				CLANG_WARN_INFINITE_RECURSION = YES;
				CLANG_WARN_INT_CONVERSION = YES;
				CLANG_WARN_NON_LITERAL_NULL_CONVERSION = YES;
				CLANG_WARN_OBJC_IMPLICIT_RETAIN_SELF = YES;
				CLANG_WARN_OBJC_LITERAL_CONVERSION = YES;
				CLANG_WARN_OBJC_ROOT_CLASS = YES_ERROR;
				CLANG_WARN_QUOTED_INCLUDE_IN_FRAMEWORK_HEADER = YES;
				CLANG_WARN_RANGE_LOOP_ANALYSIS = YES;
				CLANG_WARN_STRICT_PROTOTYPES = YES;
				CLANG_WARN_SUSPICIOUS_MOVE = YES;
				CLANG_WARN_UNGUARDED_AVAILABILITY = YES_AGGRESSIVE;
				CLANG_WARN_UNREACHABLE_CODE = YES;
				CLANG_WARN__DUPLICATE_METHOD_MATCH = YES;
				COPY_PHASE_STRIP = NO;
				DEBUG_INFORMATION_FORMAT = dwarf;
				ENABLE_STRICT_OBJC_MSGSEND = YES;
				ENABLE_TESTABILITY = YES;
				GCC_C_LANGUAGE_STANDARD = gnu11;
				GCC_DYNAMIC_NO_PIC = NO;
				GCC_NO_COMMON_BLOCKS = YES;
				GCC_OPTIMIZATION_LEVEL = 0;
				GCC_PREPROCESSOR_DEFINITIONS = (
					"DEBUG=1",
					"$(inherited)",
				);
				GCC_WARN_64_TO_32_BIT_CONVERSION = YES;
				GCC_WARN_ABOUT_RETURN_TYPE = YES_ERROR;
				GCC_WARN_UNDECLARED_SELECTOR = YES;
				GCC_WARN_UNINITIALIZED_AUTOS = YES_AGGRESSIVE;
				GCC_WARN_UNUSED_FUNCTION = YES;
				GCC_WARN_UNUSED_VARIABLE = YES;
				IPHONEOS_DEPLOYMENT_TARGET = 16.2;
				MTL_ENABLE_DEBUG_INFO = INCLUDE_SOURCE;
				MTL_FAST_MATH = YES;
				ONLY_ACTIVE_ARCH = YES;
				SDKROOT = iphoneos;
				SWIFT_ACTIVE_COMPILATION_CONDITIONS = DEBUG;
				SWIFT_OPTIMIZATION_LEVEL = "-Onone";
			};
			name = Debug;
		};
		146D95F32A11C5C300A05CF2 /* Release */ = {
			isa = XCBuildConfiguration;
			buildSettings = {
				ALWAYS_SEARCH_USER_PATHS = NO;
				CLANG_ANALYZER_NONNULL = YES;
				CLANG_ANALYZER_NUMBER_OBJECT_CONVERSION = YES_AGGRESSIVE;
				CLANG_CXX_LANGUAGE_STANDARD = "gnu++20";
				CLANG_ENABLE_MODULES = YES;
				CLANG_ENABLE_OBJC_ARC = YES;
				CLANG_ENABLE_OBJC_WEAK = YES;
				CLANG_WARN_BLOCK_CAPTURE_AUTORELEASING = YES;
				CLANG_WARN_BOOL_CONVERSION = YES;
				CLANG_WARN_COMMA = YES;
				CLANG_WARN_CONSTANT_CONVERSION = YES;
				CLANG_WARN_DEPRECATED_OBJC_IMPLEMENTATIONS = YES;
				CLANG_WARN_DIRECT_OBJC_ISA_USAGE = YES_ERROR;
				CLANG_WARN_DOCUMENTATION_COMMENTS = YES;
				CLANG_WARN_EMPTY_BODY = YES;
				CLANG_WARN_ENUM_CONVERSION = YES;
				CLANG_WARN_INFINITE_RECURSION = YES;
				CLANG_WARN_INT_CONVERSION = YES;
				CLANG_WARN_NON_LITERAL_NULL_CONVERSION = YES;
				CLANG_WARN_OBJC_IMPLICIT_RETAIN_SELF = YES;
				CLANG_WARN_OBJC_LITERAL_CONVERSION = YES;
				CLANG_WARN_OBJC_ROOT_CLASS = YES_ERROR;
				CLANG_WARN_QUOTED_INCLUDE_IN_FRAMEWORK_HEADER = YES;
				CLANG_WARN_RANGE_LOOP_ANALYSIS = YES;
				CLANG_WARN_STRICT_PROTOTYPES = YES;
				CLANG_WARN_SUSPICIOUS_MOVE = YES;
				CLANG_WARN_UNGUARDED_AVAILABILITY = YES_AGGRESSIVE;
				CLANG_WARN_UNREACHABLE_CODE = YES;
				CLANG_WARN__DUPLICATE_METHOD_MATCH = YES;
				COPY_PHASE_STRIP = NO;
				DEBUG_INFORMATION_FORMAT = "dwarf-with-dsym";
				ENABLE_NS_ASSERTIONS = NO;
				ENABLE_STRICT_OBJC_MSGSEND = YES;
				GCC_C_LANGUAGE_STANDARD = gnu11;
				GCC_NO_COMMON_BLOCKS = YES;
				GCC_WARN_64_TO_32_BIT_CONVERSION = YES;
				GCC_WARN_ABOUT_RETURN_TYPE = YES_ERROR;
				GCC_WARN_UNDECLARED_SELECTOR = YES;
				GCC_WARN_UNINITIALIZED_AUTOS = YES_AGGRESSIVE;
				GCC_WARN_UNUSED_FUNCTION = YES;
				GCC_WARN_UNUSED_VARIABLE = YES;
				IPHONEOS_DEPLOYMENT_TARGET = 16.2;
				MTL_ENABLE_DEBUG_INFO = NO;
				MTL_FAST_MATH = YES;
				SDKROOT = iphoneos;
				SWIFT_COMPILATION_MODE = wholemodule;
				SWIFT_OPTIMIZATION_LEVEL = "-O";
				VALIDATE_PRODUCT = YES;
			};
			name = Release;
		};
		146D95F52A11C5C300A05CF2 /* Debug */ = {
			isa = XCBuildConfiguration;
			buildSettings = {
				ASSETCATALOG_COMPILER_APPICON_NAME = AppIcon;
				ASSETCATALOG_COMPILER_GLOBAL_ACCENT_COLOR_NAME = AccentColor;
				CODE_SIGN_STYLE = Automatic;
				CURRENT_PROJECT_VERSION = 1;
				DEVELOPMENT_ASSET_PATHS = "\"ALPSE/Preview Content\"";
				DEVELOPMENT_TEAM = 95MFX438UA;
				ENABLE_PREVIEWS = YES;
				GENERATE_INFOPLIST_FILE = YES;
				INFOPLIST_KEY_UIApplicationSceneManifest_Generation = YES;
				INFOPLIST_KEY_UIApplicationSupportsIndirectInputEvents = YES;
				INFOPLIST_KEY_UILaunchScreen_Generation = YES;
				INFOPLIST_KEY_UISupportedInterfaceOrientations_iPad = "UIInterfaceOrientationPortrait UIInterfaceOrientationPortraitUpsideDown UIInterfaceOrientationLandscapeLeft UIInterfaceOrientationLandscapeRight";
				INFOPLIST_KEY_UISupportedInterfaceOrientations_iPhone = "UIInterfaceOrientationPortrait UIInterfaceOrientationLandscapeLeft UIInterfaceOrientationLandscapeRight";
				LD_RUNPATH_SEARCH_PATHS = (
					"$(inherited)",
					"@executable_path/Frameworks",
				);
				MARKETING_VERSION = 1.0;
				PRODUCT_BUNDLE_IDENTIFIER = ilhamrisqir.ALPSE;
				PRODUCT_NAME = "$(TARGET_NAME)";
				SWIFT_EMIT_LOC_STRINGS = YES;
				SWIFT_VERSION = 5.0;
				TARGETED_DEVICE_FAMILY = "1,2";
			};
			name = Debug;
		};
		146D95F62A11C5C300A05CF2 /* Release */ = {
			isa = XCBuildConfiguration;
			buildSettings = {
				ASSETCATALOG_COMPILER_APPICON_NAME = AppIcon;
				ASSETCATALOG_COMPILER_GLOBAL_ACCENT_COLOR_NAME = AccentColor;
				CODE_SIGN_STYLE = Automatic;
				CURRENT_PROJECT_VERSION = 1;
				DEVELOPMENT_ASSET_PATHS = "\"ALPSE/Preview Content\"";
				DEVELOPMENT_TEAM = 95MFX438UA;
				ENABLE_PREVIEWS = YES;
				GENERATE_INFOPLIST_FILE = YES;
				INFOPLIST_KEY_UIApplicationSceneManifest_Generation = YES;
				INFOPLIST_KEY_UIApplicationSupportsIndirectInputEvents = YES;
				INFOPLIST_KEY_UILaunchScreen_Generation = YES;
				INFOPLIST_KEY_UISupportedInterfaceOrientations_iPad = "UIInterfaceOrientationPortrait UIInterfaceOrientationPortraitUpsideDown UIInterfaceOrientationLandscapeLeft UIInterfaceOrientationLandscapeRight";
				INFOPLIST_KEY_UISupportedInterfaceOrientations_iPhone = "UIInterfaceOrientationPortrait UIInterfaceOrientationLandscapeLeft UIInterfaceOrientationLandscapeRight";
				LD_RUNPATH_SEARCH_PATHS = (
					"$(inherited)",
					"@executable_path/Frameworks",
				);
				MARKETING_VERSION = 1.0;
				PRODUCT_BUNDLE_IDENTIFIER = ilhamrisqir.ALPSE;
				PRODUCT_NAME = "$(TARGET_NAME)";
				SWIFT_EMIT_LOC_STRINGS = YES;
				SWIFT_VERSION = 5.0;
				TARGETED_DEVICE_FAMILY = "1,2";
			};
			name = Release;
		};
/* End XCBuildConfiguration section */

/* Begin XCConfigurationList section */
		146D95E12A11C5C100A05CF2 /* Build configuration list for PBXProject "ALPSE" */ = {
			isa = XCConfigurationList;
			buildConfigurations = (
				146D95F22A11C5C300A05CF2 /* Debug */,
				146D95F32A11C5C300A05CF2 /* Release */,
			);
			defaultConfigurationIsVisible = 0;
			defaultConfigurationName = Release;
		};
		146D95F42A11C5C300A05CF2 /* Build configuration list for PBXNativeTarget "ALPSE" */ = {
			isa = XCConfigurationList;
			buildConfigurations = (
				146D95F52A11C5C300A05CF2 /* Debug */,
				146D95F62A11C5C300A05CF2 /* Release */,
			);
			defaultConfigurationIsVisible = 0;
			defaultConfigurationName = Release;
		};
/* End XCConfigurationList section */
	};
	rootObject = 146D95DE2A11C5C100A05CF2 /* Project object */;
}
